hash: 1bc3cfac2a130e4eed07855929a267d06767328e388d08db0c99c25d07990e15
updated: 2018-04-25T21:17:12.55294-07:00
imports:
- name: github.com/labstack/echo
  version: f867058e3ba4fa4504e3ca976b31012db3ce1555
- name: github.com/labstack/gommon
  version: 588f4e8bddc6cb45c27b448e925c7fd6a5545434
  subpackages:
  - color
  - log
- name: github.com/mattn/go-colorable
  version: efa589957cd060542a26d2dd7832fd6a6c6c3ade
- name: github.com/mattn/go-isatty
  version: 6ca4dbf54d38eea1a992b3c722a76a5d1c4cb25c
- name: github.com/patrickmn/go-cache
  version: a3647f8e31d79543b2d0f0ae2fe5c379d72cedc0
- name: github.com/sdwolfe32/httpclient
  version: 8de35f89dfa06db922fa51d17bde1c4e3dfb18fc
- name: github.com/valyala/bytebufferpool
  version: e746df99fe4a3986f4d4f79e13c1e0117ce9c2f7
- name: github.com/valyala/fasttemplate
  version: dcecefd839c4193db0d35b88ec65b4c12d360ab0
- name: golang.org/x/crypto
  version: b0697eccbea9adec5b7ba8008f4c33d98d733388
  subpackages:
  - acme
  - acme/autocert
- name: golang.org/x/net
  version: 5f9ae10d9af5b1c89ae6904293b14b064d4ada23
  subpackages:
  - idna
- name: golang.org/x/sys
  version: bb9c189858d91f42db229b04d45a4c3d23a7662a
  subpackages:
  - unix
- name: golang.org/x/text
  version: 7922cc490dd5a7dbaa7fd5d6196b49db59ac042f
  subpackages:
  - secure/bidirule
  - transform
  - unicode/bidi
  - unicode/norm
testImports:
- name: github.com/davecgh/go-spew
  version: 8991bc29aa16c548c550c7ff78260e27b9ab7c73
  subpackages:
  - spew
- name: github.com/pmezard/go-difflib
  version: 792786c7400a136282c1664665ae0a8db921c6c2
  subpackages:
  - difflib
- name: github.com/stretchr/testify
  version: c679ae2cc0cb27ec3293fea7e254e47386f05d69
  subpackages:
  - assert
- name: gopkg.in/check.v1
  version: 20d25e2804050c1cd24a7eea1e7a6447dd0e74ec
