hash: 1bc3cfac2a130e4eed07855929a267d06767328e388d08db0c99c25d07990e15
updated: 2018-06-14T13:28:54.104458282-07:00
imports:
- name: github.com/dgrijalva/jwt-go
  version: 06ea1031745cb8b3dab3f6a236daf2b0aa468b7e
- name: github.com/entrik/httpclient
  version: ab56aa95da87432c47007acaecbbd2f3ef9703e9
- name: github.com/labstack/echo
  version: d36ff729613dd8e825455c504bea0586c43ac03d
  subpackages:
  - middleware
- name: github.com/labstack/gommon
  version: d6898124de917583f5ff5592ef931d1dfe0ddc05
  subpackages:
  - bytes
  - color
  - log
  - random
- name: github.com/mattn/go-colorable
  version: efa589957cd060542a26d2dd7832fd6a6c6c3ade
- name: github.com/mattn/go-isatty
  version: 6ca4dbf54d38eea1a992b3c722a76a5d1c4cb25c
- name: github.com/patrickmn/go-cache
  version: 9f6ff22cfff829561052f5886ec80a2ac148b4eb
- name: github.com/valyala/bytebufferpool
  version: e746df99fe4a3986f4d4f79e13c1e0117ce9c2f7
- name: github.com/valyala/fasttemplate
  version: dcecefd839c4193db0d35b88ec65b4c12d360ab0
- name: golang.org/x/crypto
  version: 5cd40a374b80f104c75043e6a04071d3a743ffd9
  subpackages:
  - acme
  - acme/autocert
- name: golang.org/x/net
  version: db08ff08e8622530d9ed3a0e8ac279f6d4c02196
  subpackages:
  - idna
- name: golang.org/x/sys
  version: 8883426083c04a2627e6e59d84d5f6fb63d16c91
  subpackages:
  - unix
- name: golang.org/x/text
  version: 5c1cf69b5978e5a34c5f9ba09a83e56acc4b7877
  subpackages:
  - secure/bidirule
  - transform
  - unicode/bidi
  - unicode/norm
testImports:
- name: github.com/davecgh/go-spew
  version: 8991bc29aa16c548c550c7ff78260e27b9ab7c73
  subpackages:
  - spew
- name: github.com/pmezard/go-difflib
  version: 792786c7400a136282c1664665ae0a8db921c6c2
  subpackages:
  - difflib
- name: github.com/stretchr/testify
  version: f35b8ab0b5a2cef36673838d662e249dd9c94686
  subpackages:
  - assert
- name: gopkg.in/check.v1
  version: 20d25e2804050c1cd24a7eea1e7a6447dd0e74ec
